// !$*UTF8*$!
{
	archiveVersion = 1;
	classes = {
	};
	objectVersion = 46;
	objects = {

/* Begin PBXBuildFile section */
		05ECAC102B4D90F1A4108396 /* Pods_s06RainyShinyCloudy.framework in Frameworks */ = {isa = PBXBuildFile; fileRef = A51383609CE88FF50BFFECA5 /* Pods_s06RainyShinyCloudy.framework */; };
		4F7CE40E1E66260E00959372 /* AppDelegate.swift in Sources */ = {isa = PBXBuildFile; fileRef = 4F7CE40D1E66260E00959372 /* AppDelegate.swift */; };
		4F7CE4101E66260E00959372 /* WeatherVC.swift in Sources */ = {isa = PBXBuildFile; fileRef = 4F7CE40F1E66260E00959372 /* WeatherVC.swift */; };
		4F7CE4131E66260E00959372 /* Main.storyboard in Resources */ = {isa = PBXBuildFile; fileRef = 4F7CE4111E66260E00959372 /* Main.storyboard */; };
		4F7CE4161E66260E00959372 /* s06RainyShinyCloudy.xcdatamodeld in Sources */ = {isa = PBXBuildFile; fileRef = 4F7CE4141E66260E00959372 /* s06RainyShinyCloudy.xcdatamodeld */; };
		4F7CE4181E66260E00959372 /* Assets.xcassets in Resources */ = {isa = PBXBuildFile; fileRef = 4F7CE4171E66260E00959372 /* Assets.xcassets */; };
		4F7CE41B1E66260E00959372 /* LaunchScreen.storyboard in Resources */ = {isa = PBXBuildFile; fileRef = 4F7CE4191E66260E00959372 /* LaunchScreen.storyboard */; };
		4FDDBE821E67889C00B7EABE /* Constants.swift in Sources */ = {isa = PBXBuildFile; fileRef = 4FDDBE811E67889C00B7EABE /* Constants.swift */; };
		4FDDBE841E678B9500B7EABE /* CurrentWeather.swift in Sources */ = {isa = PBXBuildFile; fileRef = 4FDDBE831E678B9500B7EABE /* CurrentWeather.swift */; };
/* End PBXBuildFile section */

/* Begin PBXFileReference section */
		4F7CE40A1E66260E00959372 /* s06RainyShinyCloudy.app */ = {isa = PBXFileReference; explicitFileType = wrapper.application; includeInIndex = 0; path = s06RainyShinyCloudy.app; sourceTree = BUILT_PRODUCTS_DIR; };
		4F7CE40D1E66260E00959372 /* AppDelegate.swift */ = {isa = PBXFileReference; lastKnownFileType = sourcecode.swift; path = AppDelegate.swift; sourceTree = "<group>"; };
		4F7CE40F1E66260E00959372 /* WeatherVC.swift */ = {isa = PBXFileReference; lastKnownFileType = sourcecode.swift; path = WeatherVC.swift; sourceTree = "<group>"; };
		4F7CE4121E66260E00959372 /* Base */ = {isa = PBXFileReference; lastKnownFileType = file.storyboard; name = Base; path = Base.lproj/Main.storyboard; sourceTree = "<group>"; };
		4F7CE4151E66260E00959372 /* s06RainyShinyCloudy.xcdatamodel */ = {isa = PBXFileReference; lastKnownFileType = wrapper.xcdatamodel; path = s06RainyShinyCloudy.xcdatamodel; sourceTree = "<group>"; };
		4F7CE4171E66260E00959372 /* Assets.xcassets */ = {isa = PBXFileReference; lastKnownFileType = folder.assetcatalog; path = Assets.xcassets; sourceTree = "<group>"; };
		4F7CE41A1E66260E00959372 /* Base */ = {isa = PBXFileReference; lastKnownFileType = file.storyboard; name = Base; path = Base.lproj/LaunchScreen.storyboard; sourceTree = "<group>"; };
		4F7CE41C1E66260E00959372 /* Info.plist */ = {isa = PBXFileReference; lastKnownFileType = text.plist.xml; path = Info.plist; sourceTree = "<group>"; };
		4FDDBE811E67889C00B7EABE /* Constants.swift */ = {isa = PBXFileReference; fileEncoding = 4; lastKnownFileType = sourcecode.swift; path = Constants.swift; sourceTree = "<group>"; };
		4FDDBE831E678B9500B7EABE /* CurrentWeather.swift */ = {isa = PBXFileReference; fileEncoding = 4; lastKnownFileType = sourcecode.swift; path = CurrentWeather.swift; sourceTree = "<group>"; };
		A51383609CE88FF50BFFECA5 /* Pods_s06RainyShinyCloudy.framework */ = {isa = PBXFileReference; explicitFileType = wrapper.framework; includeInIndex = 0; path = Pods_s06RainyShinyCloudy.framework; sourceTree = BUILT_PRODUCTS_DIR; };
		A75F4E3C54E3B9310FDE3BFE /* Pods-s06RainyShinyCloudy.debug.xcconfig */ = {isa = PBXFileReference; includeInIndex = 1; lastKnownFileType = text.xcconfig; name = "Pods-s06RainyShinyCloudy.debug.xcconfig"; path = "Pods/Target Support Files/Pods-s06RainyShinyCloudy/Pods-s06RainyShinyCloudy.debug.xcconfig"; sourceTree = "<group>"; };
		D1A01FA430E5F3966BAE8969 /* Pods-s06RainyShinyCloudy.release.xcconfig */ = {isa = PBXFileReference; includeInIndex = 1; lastKnownFileType = text.xcconfig; name = "Pods-s06RainyShinyCloudy.release.xcconfig"; path = "Pods/Target Support Files/Pods-s06RainyShinyCloudy/Pods-s06RainyShinyCloudy.release.xcconfig"; sourceTree = "<group>"; };
/* End PBXFileReference section */

/* Begin PBXFrameworksBuildPhase section */
		4F7CE4071E66260E00959372 /* Frameworks */ = {
			isa = PBXFrameworksBuildPhase;
			buildActionMask = 2147483647;
			files = (
				05ECAC102B4D90F1A4108396 /* Pods_s06RainyShinyCloudy.framework in Frameworks */,
			);
			runOnlyForDeploymentPostprocessing = 0;
		};
/* End PBXFrameworksBuildPhase section */

/* Begin PBXGroup section */
		321D1038E0C8197847CCE985 /* Frameworks */ = {
			isa = PBXGroup;
			children = (
				A51383609CE88FF50BFFECA5 /* Pods_s06RainyShinyCloudy.framework */,
			);
			name = Frameworks;
			sourceTree = "<group>";
		};
		4F7CE4011E66260E00959372 = {
			isa = PBXGroup;
			children = (
				4F7CE40C1E66260E00959372 /* s06RainyShinyCloudy */,
				4F7CE40B1E66260E00959372 /* Products */,
				69D11AF749D6DE726C0385E5 /* Pods */,
				321D1038E0C8197847CCE985 /* Frameworks */,
			);
			sourceTree = "<group>";
		};
		4F7CE40B1E66260E00959372 /* Products */ = {
			isa = PBXGroup;
			children = (
				4F7CE40A1E66260E00959372 /* s06RainyShinyCloudy.app */,
			);
			name = Products;
			sourceTree = "<group>";
		};
		4F7CE40C1E66260E00959372 /* s06RainyShinyCloudy */ = {
			isa = PBXGroup;
			children = (
				4FDDBE801E664ACE00B7EABE /* Model */,
				4FDDBE7F1E664ACA00B7EABE /* View */,
				4FDDBE7E1E664AC100B7EABE /* Controller */,
				4F7CE4171E66260E00959372 /* Assets.xcassets */,
				4F7CE41C1E66260E00959372 /* Info.plist */,
				4FDDBE811E67889C00B7EABE /* Constants.swift */,
			);
			path = s06RainyShinyCloudy;
			sourceTree = "<group>";
		};
		4FDDBE7E1E664AC100B7EABE /* Controller */ = {
			isa = PBXGroup;
			children = (
				4F7CE40D1E66260E00959372 /* AppDelegate.swift */,
				4F7CE40F1E66260E00959372 /* WeatherVC.swift */,
			);
			name = Controller;
			sourceTree = "<group>";
		};
		4FDDBE7F1E664ACA00B7EABE /* View */ = {
			isa = PBXGroup;
			children = (
				4F7CE4111E66260E00959372 /* Main.storyboard */,
				4F7CE4191E66260E00959372 /* LaunchScreen.storyboard */,
			);
			name = View;
			sourceTree = "<group>";
		};
		4FDDBE801E664ACE00B7EABE /* Model */ = {
			isa = PBXGroup;
			children = (
				4FDDBE831E678B9500B7EABE /* CurrentWeather.swift */,
				4F7CE4141E66260E00959372 /* s06RainyShinyCloudy.xcdatamodeld */,
			);
			name = Model;
			sourceTree = "<group>";
		};
		69D11AF749D6DE726C0385E5 /* Pods */ = {
			isa = PBXGroup;
			children = (
				A75F4E3C54E3B9310FDE3BFE /* Pods-s06RainyShinyCloudy.debug.xcconfig */,
				D1A01FA430E5F3966BAE8969 /* Pods-s06RainyShinyCloudy.release.xcconfig */,
			);
			name = Pods;
			sourceTree = "<group>";
		};
/* End PBXGroup section */

/* Begin PBXNativeTarget section */
		4F7CE4091E66260E00959372 /* s06RainyShinyCloudy */ = {
			isa = PBXNativeTarget;
			buildConfigurationList = 4F7CE41F1E66260E00959372 /* Build configuration list for PBXNativeTarget "s06RainyShinyCloudy" */;
			buildPhases = (
				41CF45272E1BF01E0998BFBF /* [CP] Check Pods Manifest.lock */,
				4F7CE4061E66260E00959372 /* Sources */,
				4F7CE4071E66260E00959372 /* Frameworks */,
				4F7CE4081E66260E00959372 /* Resources */,
				88DBB9DB0784C83D9B23B5A3 /* [CP] Embed Pods Frameworks */,
				AABC3BD27DC1B65E60624A6B /* [CP] Copy Pods Resources */,
			);
			buildRules = (
			);
			dependencies = (
			);
			name = s06RainyShinyCloudy;
			productName = s06RainyShinyCloudy;
			productReference = 4F7CE40A1E66260E00959372 /* s06RainyShinyCloudy.app */;
			productType = "com.apple.product-type.application";
		};
/* End PBXNativeTarget section */

/* Begin PBXProject section */
		4F7CE4021E66260E00959372 /* Project object */ = {
			isa = PBXProject;
			attributes = {
				LastSwiftUpdateCheck = 0810;
				LastUpgradeCheck = 0810;
				ORGANIZATIONNAME = "Bernadette P";
				TargetAttributes = {
					4F7CE4091E66260E00959372 = {
						CreatedOnToolsVersion = 8.1;
						ProvisioningStyle = Automatic;
					};
				};
			};
			buildConfigurationList = 4F7CE4051E66260E00959372 /* Build configuration list for PBXProject "s06RainyShinyCloudy" */;
			compatibilityVersion = "Xcode 3.2";
			developmentRegion = English;
			hasScannedForEncodings = 0;
			knownRegions = (
				en,
				Base,
			);
			mainGroup = 4F7CE4011E66260E00959372;
			productRefGroup = 4F7CE40B1E66260E00959372 /* Products */;
			projectDirPath = "";
			projectRoot = "";
			targets = (
				4F7CE4091E66260E00959372 /* s06RainyShinyCloudy */,
			);
		};
/* End PBXProject section */

/* Begin PBXResourcesBuildPhase section */
		4F7CE4081E66260E00959372 /* Resources */ = {
			isa = PBXResourcesBuildPhase;
			buildActionMask = 2147483647;
			files = (
				4F7CE41B1E66260E00959372 /* LaunchScreen.storyboard in Resources */,
				4F7CE4181E66260E00959372 /* Assets.xcassets in Resources */,
				4F7CE4131E66260E00959372 /* Main.storyboard in Resources */,
			);
			runOnlyForDeploymentPostprocessing = 0;
		};
/* End PBXResourcesBuildPhase section */

/* Begin PBXShellScriptBuildPhase section */
		41CF45272E1BF01E0998BFBF /* [CP] Check Pods Manifest.lock */ = {
			isa = PBXShellScriptBuildPhase;
			buildActionMask = 2147483647;
			files = (
			);
			inputPaths = (
			);
			name = "[CP] Check Pods Manifest.lock";
			outputPaths = (
			);
			runOnlyForDeploymentPostprocessing = 0;
			shellPath = /bin/sh;
			shellScript = "diff \"${PODS_ROOT}/../Podfile.lock\" \"${PODS_ROOT}/Manifest.lock\" > /dev/null\nif [ $? != 0 ] ; then\n    # print error to STDERR\n    echo \"error: The sandbox is not in sync with the Podfile.lock. Run 'pod install' or update your CocoaPods installation.\" >&2\n    exit 1\nfi\n";
			showEnvVarsInLog = 0;
		};
		88DBB9DB0784C83D9B23B5A3 /* [CP] Embed Pods Frameworks */ = {
			isa = PBXShellScriptBuildPhase;
			buildActionMask = 2147483647;
			files = (
			);
			inputPaths = (
			);
			name = "[CP] Embed Pods Frameworks";
			outputPaths = (
			);
			runOnlyForDeploymentPostprocessing = 0;
			shellPath = /bin/sh;
			shellScript = "\"${SRCROOT}/Pods/Target Support Files/Pods-s06RainyShinyCloudy/Pods-s06RainyShinyCloudy-frameworks.sh\"\n";
			showEnvVarsInLog = 0;
		};
		AABC3BD27DC1B65E60624A6B /* [CP] Copy Pods Resources */ = {
			isa = PBXShellScriptBuildPhase;
			buildActionMask = 2147483647;
			files = (
			);
			inputPaths = (
			);
			name = "[CP] Copy Pods Resources";
			outputPaths = (
			);
			runOnlyForDeploymentPostprocessing = 0;
			shellPath = /bin/sh;
			shellScript = "\"${SRCROOT}/Pods/Target Support Files/Pods-s06RainyShinyCloudy/Pods-s06RainyShinyCloudy-resources.sh\"\n";
			showEnvVarsInLog = 0;
		};
/* End PBXShellScriptBuildPhase section */

/* Begin PBXSourcesBuildPhase section */
		4F7CE4061E66260E00959372 /* Sources */ = {
			isa = PBXSourcesBuildPhase;
			buildActionMask = 2147483647;
			files = (
				4F7CE4161E66260E00959372 /* s06RainyShinyCloudy.xcdatamodeld in Sources */,
				4FDDBE841E678B9500B7EABE /* CurrentWeather.swift in Sources */,
				4F7CE4101E66260E00959372 /* WeatherVC.swift in Sources */,
				4F7CE40E1E66260E00959372 /* AppDelegate.swift in Sources */,
				4FDDBE821E67889C00B7EABE /* Constants.swift in Sources */,
			);
			runOnlyForDeploymentPostprocessing = 0;
		};
/* End PBXSourcesBuildPhase section */

/* Begin PBXVariantGroup section */
		4F7CE4111E66260E00959372 /* Main.storyboard */ = {
			isa = PBXVariantGroup;
			children = (
				4F7CE4121E66260E00959372 /* Base */,
			);
			name = Main.storyboard;
			sourceTree = "<group>";
		};
		4F7CE4191E66260E00959372 /* LaunchScreen.storyboard */ = {
			isa = PBXVariantGroup;
			children = (
				4F7CE41A1E66260E00959372 /* Base */,
			);
			name = LaunchScreen.storyboard;
			sourceTree = "<group>";
		};
/* End PBXVariantGroup section */

/* Begin XCBuildConfiguration section */
		4F7CE41D1E66260E00959372 /* Debug */ = {
			isa = XCBuildConfiguration;
			buildSettings = {
				ALWAYS_SEARCH_USER_PATHS = NO;
				CLANG_ANALYZER_NONNULL = YES;
				CLANG_CXX_LANGUAGE_STANDARD = "gnu++0x";
				CLANG_CXX_LIBRARY = "libc++";
				CLANG_ENABLE_MODULES = YES;
				CLANG_ENABLE_OBJC_ARC = YES;
				CLANG_WARN_BOOL_CONVERSION = YES;
				CLANG_WARN_CONSTANT_CONVERSION = YES;
				CLANG_WARN_DIRECT_OBJC_ISA_USAGE = YES_ERROR;
				CLANG_WARN_DOCUMENTATION_COMMENTS = YES;
				CLANG_WARN_EMPTY_BODY = YES;
				CLANG_WARN_ENUM_CONVERSION = YES;
				CLANG_WARN_INFINITE_RECURSION = YES;
				CLANG_WARN_INT_CONVERSION = YES;
				CLANG_WARN_OBJC_ROOT_CLASS = YES_ERROR;
				CLANG_WARN_SUSPICIOUS_MOVES = YES;
				CLANG_WARN_UNREACHABLE_CODE = YES;
				CLANG_WARN__DUPLICATE_METHOD_MATCH = YES;
				"CODE_SIGN_IDENTITY[sdk=iphoneos*]" = "iPhone Developer";
				COPY_PHASE_STRIP = NO;
				DEBUG_INFORMATION_FORMAT = dwarf;
				ENABLE_STRICT_OBJC_MSGSEND = YES;
				ENABLE_TESTABILITY = YES;
				GCC_C_LANGUAGE_STANDARD = gnu99;
				GCC_DYNAMIC_NO_PIC = NO;
				GCC_NO_COMMON_BLOCKS = YES;
				GCC_OPTIMIZATION_LEVEL = 0;
				GCC_PREPROCESSOR_DEFINITIONS = (
					"DEBUG=1",
					"$(inherited)",
				);
				GCC_WARN_64_TO_32_BIT_CONVERSION = YES;
				GCC_WARN_ABOUT_RETURN_TYPE = YES_ERROR;
				GCC_WARN_UNDECLARED_SELECTOR = YES;
				GCC_WARN_UNINITIALIZED_AUTOS = YES_AGGRESSIVE;
				GCC_WARN_UNUSED_FUNCTION = YES;
				GCC_WARN_UNUSED_VARIABLE = YES;
				IPHONEOS_DEPLOYMENT_TARGET = 10.1;
				MTL_ENABLE_DEBUG_INFO = YES;
				ONLY_ACTIVE_ARCH = YES;
				SDKROOT = iphoneos;
				SWIFT_ACTIVE_COMPILATION_CONDITIONS = DEBUG;
				SWIFT_OPTIMIZATION_LEVEL = "-Onone";
				TARGETED_DEVICE_FAMILY = "1,2";
			};
			name = Debug;
		};
		4F7CE41E1E66260E00959372 /* Release */ = {
			isa = XCBuildConfiguration;
			buildSettings = {
				ALWAYS_SEARCH_USER_PATHS = NO;
				CLANG_ANALYZER_NONNULL = YES;
				CLANG_CXX_LANGUAGE_STANDARD = "gnu++0x";
				CLANG_CXX_LIBRARY = "libc++";
				CLANG_ENABLE_MODULES = YES;
				CLANG_ENABLE_OBJC_ARC = YES;
				CLANG_WARN_BOOL_CONVERSION = YES;
				CLANG_WARN_CONSTANT_CONVERSION = YES;
				CLANG_WARN_DIRECT_OBJC_ISA_USAGE = YES_ERROR;
				CLANG_WARN_DOCUMENTATION_COMMENTS = YES;
				CLANG_WARN_EMPTY_BODY = YES;
				CLANG_WARN_ENUM_CONVERSION = YES;
				CLANG_WARN_INFINITE_RECURSION = YES;
				CLANG_WARN_INT_CONVERSION = YES;
				CLANG_WARN_OBJC_ROOT_CLASS = YES_ERROR;
				CLANG_WARN_SUSPICIOUS_MOVES = YES;
				CLANG_WARN_UNREACHABLE_CODE = YES;
				CLANG_WARN__DUPLICATE_METHOD_MATCH = YES;
				"CODE_SIGN_IDENTITY[sdk=iphoneos*]" = "iPhone Developer";
				COPY_PHASE_STRIP = NO;
				DEBUG_INFORMATION_FORMAT = "dwarf-with-dsym";
				ENABLE_NS_ASSERTIONS = NO;
				ENABLE_STRICT_OBJC_MSGSEND = YES;
				GCC_C_LANGUAGE_STANDARD = gnu99;
				GCC_NO_COMMON_BLOCKS = YES;
				GCC_WARN_64_TO_32_BIT_CONVERSION = YES;
				GCC_WARN_ABOUT_RETURN_TYPE = YES_ERROR;
				GCC_WARN_UNDECLARED_SELECTOR = YES;
				GCC_WARN_UNINITIALIZED_AUTOS = YES_AGGRESSIVE;
				GCC_WARN_UNUSED_FUNCTION = YES;
				GCC_WARN_UNUSED_VARIABLE = YES;
				IPHONEOS_DEPLOYMENT_TARGET = 10.1;
				MTL_ENABLE_DEBUG_INFO = NO;
				SDKROOT = iphoneos;
				SWIFT_OPTIMIZATION_LEVEL = "-Owholemodule";
				TARGETED_DEVICE_FAMILY = "1,2";
				VALIDATE_PRODUCT = YES;
			};
			name = Release;
		};
		4F7CE4201E66260E00959372 /* Debug */ = {
			isa = XCBuildConfiguration;
			baseConfigurationReference = A75F4E3C54E3B9310FDE3BFE /* Pods-s06RainyShinyCloudy.debug.xcconfig */;
			buildSettings = {
				ASSETCATALOG_COMPILER_APPICON_NAME = AppIcon;
				INFOPLIST_FILE = s06RainyShinyCloudy/Info.plist;
				LD_RUNPATH_SEARCH_PATHS = "$(inherited) @executable_path/Frameworks";
				PRODUCT_BUNDLE_IDENTIFIER = com.planabernadette.s06RainyShinyCloudy;
				PRODUCT_NAME = "$(TARGET_NAME)";
				SWIFT_VERSION = 3.0;
				TARGETED_DEVICE_FAMILY = 1;
			};
			name = Debug;
		};
		4F7CE4211E66260E00959372 /* Release */ = {
			isa = XCBuildConfiguration;
			baseConfigurationReference = D1A01FA430E5F3966BAE8969 /* Pods-s06RainyShinyCloudy.release.xcconfig */;
			buildSettings = {
				ASSETCATALOG_COMPILER_APPICON_NAME = AppIcon;
				INFOPLIST_FILE = s06RainyShinyCloudy/Info.plist;
				LD_RUNPATH_SEARCH_PATHS = "$(inherited) @executable_path/Frameworks";
				PRODUCT_BUNDLE_IDENTIFIER = com.planabernadette.s06RainyShinyCloudy;
				PRODUCT_NAME = "$(TARGET_NAME)";
				SWIFT_VERSION = 3.0;
				TARGETED_DEVICE_FAMILY = 1;
			};
			name = Release;
		};
/* End XCBuildConfiguration section */

/* Begin XCConfigurationList section */
		4F7CE4051E66260E00959372 /* Build configuration list for PBXProject "s06RainyShinyCloudy" */ = {
			isa = XCConfigurationList;
			buildConfigurations = (
				4F7CE41D1E66260E00959372 /* Debug */,
				4F7CE41E1E66260E00959372 /* Release */,
			);
			defaultConfigurationIsVisible = 0;
			defaultConfigurationName = Release;
		};
		4F7CE41F1E66260E00959372 /* Build configuration list for PBXNativeTarget "s06RainyShinyCloudy" */ = {
			isa = XCConfigurationList;
			buildConfigurations = (
				4F7CE4201E66260E00959372 /* Debug */,
				4F7CE4211E66260E00959372 /* Release */,
			);
			defaultConfigurationIsVisible = 0;
			defaultConfigurationName = Release;
		};
/* End XCConfigurationList section */

/* Begin XCVersionGroup section */
		4F7CE4141E66260E00959372 /* s06RainyShinyCloudy.xcdatamodeld */ = {
			isa = XCVersionGroup;
			children = (
				4F7CE4151E66260E00959372 /* s06RainyShinyCloudy.xcdatamodel */,
			);
			currentVersion = 4F7CE4151E66260E00959372 /* s06RainyShinyCloudy.xcdatamodel */;
			path = s06RainyShinyCloudy.xcdatamodeld;
			sourceTree = "<group>";
			versionGroupType = wrapper.xcdatamodel;
		};
/* End XCVersionGroup section */
	};
	rootObject = 4F7CE4021E66260E00959372 /* Project object */;
}
